# THIS IS AN AUTOGENERATED FILE. DO NOT EDIT THIS FILE DIRECTLY.
# yarn lockfile v1


react-native-hq-times@^1.0.10:
  version "1.0.10"
  resolved "https://registry.yarnpkg.com/react-native-hq-times/-/react-native-hq-times-1.0.10.tgz#99e97e1004ba829ebed8265976c70b6812b2d2df"
  integrity sha512-jRTjJcBMUrNpYj580hg+PrJlTWyPu9+LP/Dr2lum/c1E0gc8ulWnkTkyWbUUaM2xauFTBuB03nMdS55LN7vRbQ==
